
Microsoft Visual Studio Solution File, Format Version 9.00
# Visual Studio 2005
Project("{8BC9CEB8-8B4A-11D0-8D11-00A0C91BC942}") = "mul_sum", "mul_sum\mul_sum.vcproj", "{D3C467AA-F097-4E2F-AC75-53E72E63925D}"
	ProjectSection(WebsiteProperties) = preProject
		Debug.AspNetCompiler.Debug = "True"
		Release.AspNetCompiler.Debug = "False"
	EndProjectSection
EndProject
Global
	GlobalSection(SolutionConfigurationPlatforms) = preSolution
		Debug|Win32 = Debug|Win32
		Release|Win32 = Release|Win32
	EndGlobalSection
	GlobalSection(ProjectConfigurationPlatforms) = postSolution
		{D3C467AA-F097-4E2F-AC75-53E72E63925D}.Debug|Win32.ActiveCfg = Debug|Win32
		{D3C467AA-F097-4E2F-AC75-53E72E63925D}.Debug|Win32.Build.0 = Debug|Win32
		{D3C467AA-F097-4E2F-AC75-53E72E63925D}.Release|Win32.ActiveCfg = Release|Win32
		{D3C467AA-F097-4E2F-AC75-53E72E63925D}.Release|Win32.Build.0 = Release|Win32
	EndGlobalSection
	GlobalSection(SolutionProperties) = preSolution
		HideSolutionNode = FALSE
	EndGlobalSection
EndGlobal
