
Microsoft Visual Studio Solution File, Format Version 9.00
# Visual Studio 2005
Project("{8BC9CEB8-8B4A-11D0-8D11-00A0C91BC942}") = "tree", "tree\tree.vcproj", "{3BF1F216-4980-43DC-9CC1-3FEF0CB102DE}"
EndProject
Global
	GlobalSection(SolutionConfigurationPlatforms) = preSolution
		Debug|Win32 = Debug|Win32
		Release|Win32 = Release|Win32
	EndGlobalSection
	GlobalSection(ProjectConfigurationPlatforms) = postSolution
		{3BF1F216-4980-43DC-9CC1-3FEF0CB102DE}.Debug|Win32.ActiveCfg = Debug|Win32
		{3BF1F216-4980-43DC-9CC1-3FEF0CB102DE}.Debug|Win32.Build.0 = Debug|Win32
		{3BF1F216-4980-43DC-9CC1-3FEF0CB102DE}.Release|Win32.ActiveCfg = Release|Win32
		{3BF1F216-4980-43DC-9CC1-3FEF0CB102DE}.Release|Win32.Build.0 = Release|Win32
	EndGlobalSection
	GlobalSection(SolutionProperties) = preSolution
		HideSolutionNode = FALSE
	EndGlobalSection
EndGlobal
